
Microsoft Visual Studio Solution File, Format Version 12.00
# Visual Studio Version 17
VisualStudioVersion = 17.11.35208.52
MinimumVisualStudioVersion = 10.0.40219.1
Project("{FAE04EC0-301F-11D3-BF4B-00C04F79EFBC}") = "WpfApp1", "WpfApp1\WpfApp1.csproj", "{AC806A83-0369-4B57-9B1B-33858A227A1A}"
EndProject
Global
	GlobalSection(SolutionConfigurationPlatforms) = preSolution
		Debug|Any CPU = Debug|Any CPU
		Release|Any CPU = Release|Any CPU
	EndGlobalSection
	GlobalSection(ProjectConfigurationPlatforms) = postSolution
		{AC806A83-0369-4B57-9B1B-33858A227A1A}.Debug|Any CPU.ActiveCfg = Debug|Any CPU
		{AC806A83-0369-4B57-9B1B-33858A227A1A}.Debug|Any CPU.Build.0 = Debug|Any CPU
		{AC806A83-0369-4B57-9B1B-33858A227A1A}.Release|Any CPU.ActiveCfg = Release|Any CPU
		{AC806A83-0369-4B57-9B1B-33858A227A1A}.Release|Any CPU.Build.0 = Release|Any CPU
	EndGlobalSection
	GlobalSection(SolutionProperties) = preSolution
		HideSolutionNode = FALSE
	EndGlobalSection
	GlobalSection(ExtensibilityGlobals) = postSolution
		SolutionGuid = {7471D33A-1A0D-4394-877E-FBF551B8429D}
	EndGlobalSection
EndGlobal
